
Microsoft Visual Studio Solution File, Format Version 12.00
# Visual Studio Version 17
VisualStudioVersion = 17.14.36429.23 d17.14
MinimumVisualStudioVersion = 10.0.40219.1
Project("{F184B08F-C81C-45F6-A57F-5ABD9991F28F}") = "Oef3Speler", "Oef3Speler\Oef3Speler.vbproj", "{98A1FE6F-DAFA-4E0F-A921-F09E97CBE932}"
EndProject
Global
	GlobalSection(SolutionConfigurationPlatforms) = preSolution
		Debug|Any CPU = Debug|Any CPU
		Release|Any CPU = Release|Any CPU
	EndGlobalSection
	GlobalSection(ProjectConfigurationPlatforms) = postSolution
		{98A1FE6F-DAFA-4E0F-A921-F09E97CBE932}.Debug|Any CPU.ActiveCfg = Debug|Any CPU
		{98A1FE6F-DAFA-4E0F-A921-F09E97CBE932}.Debug|Any CPU.Build.0 = Debug|Any CPU
		{98A1FE6F-DAFA-4E0F-A921-F09E97CBE932}.Release|Any CPU.ActiveCfg = Release|Any CPU
		{98A1FE6F-DAFA-4E0F-A921-F09E97CBE932}.Release|Any CPU.Build.0 = Release|Any CPU
	EndGlobalSection
	GlobalSection(SolutionProperties) = preSolution
		HideSolutionNode = FALSE
	EndGlobalSection
	GlobalSection(ExtensibilityGlobals) = postSolution
		SolutionGuid = {83C7EC2C-AA9B-4E92-A4B8-105ED441BBE2}
	EndGlobalSection
EndGlobal
